{
  "name": "match-match-game",
  "requires": true,
  "lockfileVersion": 1,
  "dependencies": {
    "@webpack-cli/serve": {
      "version": "1.4.0",
      "resolved": "https://registry.npmjs.org/@webpack-cli/serve/-/serve-1.4.0.tgz",
      "integrity": "sha512-xgT/HqJ+uLWGX+Mzufusl3cgjAcnqYYskaB7o0vRcwOEfuu6hMzSILQpnIzFMGsTaeaX4Nnekl+6fadLbl1/Vg==",
      "dev": true
    }
  }
}
